
Microsoft Visual Studio Solution File, Format Version 12.00
# Visual Studio Version 17
VisualStudioVersion = 17.4.33122.133
MinimumVisualStudioVersion = 10.0.40219.1
Project("{FAE04EC0-301F-11D3-BF4B-00C04F79EFBC}") = "Veeam_Matias_Toscano", "Veeam_Matias_Toscano\Veeam_Matias_Toscano.csproj", "{1FF13E37-19EF-4DD6-9BDA-42EDF536E3BB}"
EndProject
Global
	GlobalSection(SolutionConfigurationPlatforms) = preSolution
		Debug|Any CPU = Debug|Any CPU
		Release|Any CPU = Release|Any CPU
	EndGlobalSection
	GlobalSection(ProjectConfigurationPlatforms) = postSolution
		{1FF13E37-19EF-4DD6-9BDA-42EDF536E3BB}.Debug|Any CPU.ActiveCfg = Debug|Any CPU
		{1FF13E37-19EF-4DD6-9BDA-42EDF536E3BB}.Debug|Any CPU.Build.0 = Debug|Any CPU
		{1FF13E37-19EF-4DD6-9BDA-42EDF536E3BB}.Release|Any CPU.ActiveCfg = Release|Any CPU
		{1FF13E37-19EF-4DD6-9BDA-42EDF536E3BB}.Release|Any CPU.Build.0 = Release|Any CPU
	EndGlobalSection
	GlobalSection(SolutionProperties) = preSolution
		HideSolutionNode = FALSE
	EndGlobalSection
	GlobalSection(ExtensibilityGlobals) = postSolution
		SolutionGuid = {E6F844F2-00AD-4D80-BA5C-4FF3E4FF959D}
	EndGlobalSection
EndGlobal
